
Microsoft Visual Studio Solution File, Format Version 12.00
# Visual Studio Version 16
VisualStudioVersion = 16.0.29519.181
MinimumVisualStudioVersion = 10.0.40219.1
Project("{9A19103F-16F7-4668-BE54-9A1E7A4F7556}") = "PokeMartAutoRedeemer", "PokeMartAutoRedeemer\PokeMartAutoRedeemer.csproj", "{8EF8E5EF-0DE0-4656-A6EC-57CC4DBD33FD}"
EndProject
Global
	GlobalSection(SolutionConfigurationPlatforms) = preSolution
		All|Any CPU = All|Any CPU
		Debug|Any CPU = Debug|Any CPU
		Release|Any CPU = Release|Any CPU
	EndGlobalSection
	GlobalSection(ProjectConfigurationPlatforms) = postSolution
		{8EF8E5EF-0DE0-4656-A6EC-57CC4DBD33FD}.All|Any CPU.ActiveCfg = Release|Any CPU
		{8EF8E5EF-0DE0-4656-A6EC-57CC4DBD33FD}.All|Any CPU.Build.0 = Release|Any CPU
		{8EF8E5EF-0DE0-4656-A6EC-57CC4DBD33FD}.Debug|Any CPU.ActiveCfg = Debug|Any CPU
		{8EF8E5EF-0DE0-4656-A6EC-57CC4DBD33FD}.Debug|Any CPU.Build.0 = Debug|Any CPU
		{8EF8E5EF-0DE0-4656-A6EC-57CC4DBD33FD}.Release|Any CPU.ActiveCfg = Release|Any CPU
		{8EF8E5EF-0DE0-4656-A6EC-57CC4DBD33FD}.Release|Any CPU.Build.0 = Release|Any CPU
	EndGlobalSection
	GlobalSection(SolutionProperties) = preSolution
		HideSolutionNode = FALSE
	EndGlobalSection
	GlobalSection(ExtensibilityGlobals) = postSolution
		SolutionGuid = {E8CE589F-8653-4AD5-B49A-6ACA96D73EEC}
	EndGlobalSection
EndGlobal
